// !$*UTF8*$!
{
	archiveVersion = 1;
	classes = {
	};
	objectVersion = 50;
	objects = {

/* Begin PBXBuildFile section */
		188F074726D6806400BDF4B4 /* AppDelegate.swift in Sources */ = {isa = PBXBuildFile; fileRef = 188F074626D6806400BDF4B4 /* AppDelegate.swift */; };
		188F074B26D6806400BDF4B4 /* ViewController.swift in Sources */ = {isa = PBXBuildFile; fileRef = 188F074A26D6806400BDF4B4 /* ViewController.swift */; };
		188F074E26D6806400BDF4B4 /* Main.storyboard in Resources */ = {isa = PBXBuildFile; fileRef = 188F074C26D6806400BDF4B4 /* Main.storyboard */; };
		188F075026D6806A00BDF4B4 /* Assets.xcassets in Resources */ = {isa = PBXBuildFile; fileRef = 188F074F26D6806A00BDF4B4 /* Assets.xcassets */; };
		188F075326D6806A00BDF4B4 /* LaunchScreen.storyboard in Resources */ = {isa = PBXBuildFile; fileRef = 188F075126D6806A00BDF4B4 /* LaunchScreen.storyboard */; };
		188F075E26D6806A00BDF4B4 /* TestFrameworkNewTests.swift in Sources */ = {isa = PBXBuildFile; fileRef = 188F075D26D6806A00BDF4B4 /* TestFrameworkNewTests.swift */; };
		188F076926D6806A00BDF4B4 /* TestFrameworkNewUITests.swift in Sources */ = {isa = PBXBuildFile; fileRef = 188F076826D6806A00BDF4B4 /* TestFrameworkNewUITests.swift */; };
		188F078026D68BD600BDF4B4 /* (null) in Embed Frameworks */ = {isa = PBXBuildFile; settings = {ATTRIBUTES = (CodeSignOnCopy, RemoveHeadersOnCopy, ); }; };
		18C0DA4726D6BB8100E110F8 /* RTMPFramework.framework in Frameworks */ = {isa = PBXBuildFile; fileRef = 18C0DA4526D6BB6500E110F8 /* RTMPFramework.framework */; };
		18C0DA4826D6BB8100E110F8 /* RTMPFramework.framework in Embed Frameworks */ = {isa = PBXBuildFile; fileRef = 18C0DA4526D6BB6500E110F8 /* RTMPFramework.framework */; settings = {ATTRIBUTES = (CodeSignOnCopy, RemoveHeadersOnCopy, ); }; };
		18C0DA4B26D6BBBE00E110F8 /* HaishinKit.framework in Frameworks */ = {isa = PBXBuildFile; fileRef = 18C0DA4926D6BBBA00E110F8 /* HaishinKit.framework */; };
		18C0DA4C26D6BBBE00E110F8 /* HaishinKit.framework in Embed Frameworks */ = {isa = PBXBuildFile; fileRef = 18C0DA4926D6BBBA00E110F8 /* HaishinKit.framework */; settings = {ATTRIBUTES = (CodeSignOnCopy, RemoveHeadersOnCopy, ); }; };
		18C0DA4F26D6BBD000E110F8 /* Logboard.framework in Frameworks */ = {isa = PBXBuildFile; fileRef = 18C0DA4D26D6BBCA00E110F8 /* Logboard.framework */; };
		18C0DA5026D6BBD000E110F8 /* Logboard.framework in Embed Frameworks */ = {isa = PBXBuildFile; fileRef = 18C0DA4D26D6BBCA00E110F8 /* Logboard.framework */; settings = {ATTRIBUTES = (CodeSignOnCopy, RemoveHeadersOnCopy, ); }; };
		28530843764BB2B89F3822CC /* Pods_TestFrameworkNew.framework in Frameworks */ = {isa = PBXBuildFile; fileRef = 735ED289055D1463DFA59C18 /* Pods_TestFrameworkNew.framework */; };
		A659908596971EE302148F18 /* Pods_TestFrameworkNew_TestFrameworkNewUITests.framework in Frameworks */ = {isa = PBXBuildFile; fileRef = 622C43D8D769354C9E62A69A /* Pods_TestFrameworkNew_TestFrameworkNewUITests.framework */; };
		BBA0B7ABA214C06B9C748766 /* Pods_TestFrameworkNewTests.framework in Frameworks */ = {isa = PBXBuildFile; fileRef = 031660E670FA37534A39CA92 /* Pods_TestFrameworkNewTests.framework */; };
/* End PBXBuildFile section */

/* Begin PBXContainerItemProxy section */
		188F075A26D6806A00BDF4B4 /* PBXContainerItemProxy */ = {
			isa = PBXContainerItemProxy;
			containerPortal = 188F073B26D6806400BDF4B4 /* Project object */;
			proxyType = 1;
			remoteGlobalIDString = 188F074226D6806400BDF4B4;
			remoteInfo = TestFrameworkNew;
		};
		188F076526D6806A00BDF4B4 /* PBXContainerItemProxy */ = {
			isa = PBXContainerItemProxy;
			containerPortal = 188F073B26D6806400BDF4B4 /* Project object */;
			proxyType = 1;
			remoteGlobalIDString = 188F074226D6806400BDF4B4;
			remoteInfo = TestFrameworkNew;
		};
/* End PBXContainerItemProxy section */

/* Begin PBXCopyFilesBuildPhase section */
		188F077A26D6814200BDF4B4 /* Embed Frameworks */ = {
			isa = PBXCopyFilesBuildPhase;
			buildActionMask = 2147483647;
			dstPath = "";
			dstSubfolderSpec = 10;
			files = (
				18C0DA5026D6BBD000E110F8 /* Logboard.framework in Embed Frameworks */,
				18C0DA4C26D6BBBE00E110F8 /* HaishinKit.framework in Embed Frameworks */,
				18C0DA4826D6BB8100E110F8 /* RTMPFramework.framework in Embed Frameworks */,
				188F078026D68BD600BDF4B4 /* (null) in Embed Frameworks */,
			);
			name = "Embed Frameworks";
			runOnlyForDeploymentPostprocessing = 0;
		};
/* End PBXCopyFilesBuildPhase section */

/* Begin PBXFileReference section */
		031660E670FA37534A39CA92 /* Pods_TestFrameworkNewTests.framework */ = {isa = PBXFileReference; explicitFileType = wrapper.framework; includeInIndex = 0; path = Pods_TestFrameworkNewTests.framework; sourceTree = BUILT_PRODUCTS_DIR; };
		188F074326D6806400BDF4B4 /* TestFrameworkNew.app */ = {isa = PBXFileReference; explicitFileType = wrapper.application; includeInIndex = 0; path = TestFrameworkNew.app; sourceTree = BUILT_PRODUCTS_DIR; };
		188F074626D6806400BDF4B4 /* AppDelegate.swift */ = {isa = PBXFileReference; lastKnownFileType = sourcecode.swift; path = AppDelegate.swift; sourceTree = "<group>"; };
		188F074A26D6806400BDF4B4 /* ViewController.swift */ = {isa = PBXFileReference; lastKnownFileType = sourcecode.swift; path = ViewController.swift; sourceTree = "<group>"; };
		188F074D26D6806400BDF4B4 /* Base */ = {isa = PBXFileReference; lastKnownFileType = file.storyboard; name = Base; path = Base.lproj/Main.storyboard; sourceTree = "<group>"; };
		188F074F26D6806A00BDF4B4 /* Assets.xcassets */ = {isa = PBXFileReference; lastKnownFileType = folder.assetcatalog; path = Assets.xcassets; sourceTree = "<group>"; };
		188F075226D6806A00BDF4B4 /* Base */ = {isa = PBXFileReference; lastKnownFileType = file.storyboard; name = Base; path = Base.lproj/LaunchScreen.storyboard; sourceTree = "<group>"; };
		188F075426D6806A00BDF4B4 /* Info.plist */ = {isa = PBXFileReference; lastKnownFileType = text.plist.xml; path = Info.plist; sourceTree = "<group>"; };
		188F075926D6806A00BDF4B4 /* TestFrameworkNewTests.xctest */ = {isa = PBXFileReference; explicitFileType = wrapper.cfbundle; includeInIndex = 0; path = TestFrameworkNewTests.xctest; sourceTree = BUILT_PRODUCTS_DIR; };
		188F075D26D6806A00BDF4B4 /* TestFrameworkNewTests.swift */ = {isa = PBXFileReference; lastKnownFileType = sourcecode.swift; path = TestFrameworkNewTests.swift; sourceTree = "<group>"; };
		188F075F26D6806A00BDF4B4 /* Info.plist */ = {isa = PBXFileReference; lastKnownFileType = text.plist.xml; path = Info.plist; sourceTree = "<group>"; };
		188F076426D6806A00BDF4B4 /* TestFrameworkNewUITests.xctest */ = {isa = PBXFileReference; explicitFileType = wrapper.cfbundle; includeInIndex = 0; path = TestFrameworkNewUITests.xctest; sourceTree = BUILT_PRODUCTS_DIR; };
		188F076826D6806A00BDF4B4 /* TestFrameworkNewUITests.swift */ = {isa = PBXFileReference; lastKnownFileType = sourcecode.swift; path = TestFrameworkNewUITests.swift; sourceTree = "<group>"; };
		188F076A26D6806A00BDF4B4 /* Info.plist */ = {isa = PBXFileReference; lastKnownFileType = text.plist.xml; path = Info.plist; sourceTree = "<group>"; };
		18C0DA4526D6BB6500E110F8 /* RTMPFramework.framework */ = {isa = PBXFileReference; lastKnownFileType = wrapper.framework; path = RTMPFramework.framework; sourceTree = "<group>"; };
		18C0DA4926D6BBBA00E110F8 /* HaishinKit.framework */ = {isa = PBXFileReference; lastKnownFileType = wrapper.framework; path = HaishinKit.framework; sourceTree = "<group>"; };
		18C0DA4D26D6BBCA00E110F8 /* Logboard.framework */ = {isa = PBXFileReference; lastKnownFileType = wrapper.framework; path = Logboard.framework; sourceTree = "<group>"; };
		1D70C7A821DD98CF44D55067 /* Pods-TestFrameworkNew-TestFrameworkNewUITests.debug.xcconfig */ = {isa = PBXFileReference; includeInIndex = 1; lastKnownFileType = text.xcconfig; name = "Pods-TestFrameworkNew-TestFrameworkNewUITests.debug.xcconfig"; path = "Target Support Files/Pods-TestFrameworkNew-TestFrameworkNewUITests/Pods-TestFrameworkNew-TestFrameworkNewUITests.debug.xcconfig"; sourceTree = "<group>"; };
		365B1DE7EFBD5B75D84B1003 /* Pods-TestFrameworkNewTests.release.xcconfig */ = {isa = PBXFileReference; includeInIndex = 1; lastKnownFileType = text.xcconfig; name = "Pods-TestFrameworkNewTests.release.xcconfig"; path = "Target Support Files/Pods-TestFrameworkNewTests/Pods-TestFrameworkNewTests.release.xcconfig"; sourceTree = "<group>"; };
		54FCC74D406168569D001E00 /* Pods-TestFrameworkNew-TestFrameworkNewUITests.release.xcconfig */ = {isa = PBXFileReference; includeInIndex = 1; lastKnownFileType = text.xcconfig; name = "Pods-TestFrameworkNew-TestFrameworkNewUITests.release.xcconfig"; path = "Target Support Files/Pods-TestFrameworkNew-TestFrameworkNewUITests/Pods-TestFrameworkNew-TestFrameworkNewUITests.release.xcconfig"; sourceTree = "<group>"; };
		550441BD812C2F0223EF0483 /* Pods-TestFrameworkNew.release.xcconfig */ = {isa = PBXFileReference; includeInIndex = 1; lastKnownFileType = text.xcconfig; name = "Pods-TestFrameworkNew.release.xcconfig"; path = "Target Support Files/Pods-TestFrameworkNew/Pods-TestFrameworkNew.release.xcconfig"; sourceTree = "<group>"; };
		622C43D8D769354C9E62A69A /* Pods_TestFrameworkNew_TestFrameworkNewUITests.framework */ = {isa = PBXFileReference; explicitFileType = wrapper.framework; includeInIndex = 0; path = Pods_TestFrameworkNew_TestFrameworkNewUITests.framework; sourceTree = BUILT_PRODUCTS_DIR; };
		735ED289055D1463DFA59C18 /* Pods_TestFrameworkNew.framework */ = {isa = PBXFileReference; explicitFileType = wrapper.framework; includeInIndex = 0; path = Pods_TestFrameworkNew.framework; sourceTree = BUILT_PRODUCTS_DIR; };
		8651BDFA9174F7590D0E7ABA /* Pods-TestFrameworkNew.debug.xcconfig */ = {isa = PBXFileReference; includeInIndex = 1; lastKnownFileType = text.xcconfig; name = "Pods-TestFrameworkNew.debug.xcconfig"; path = "Target Support Files/Pods-TestFrameworkNew/Pods-TestFrameworkNew.debug.xcconfig"; sourceTree = "<group>"; };
		EEFE9BE60CD713A58821866F /* Pods-TestFrameworkNewTests.debug.xcconfig */ = {isa = PBXFileReference; includeInIndex = 1; lastKnownFileType = text.xcconfig; name = "Pods-TestFrameworkNewTests.debug.xcconfig"; path = "Target Support Files/Pods-TestFrameworkNewTests/Pods-TestFrameworkNewTests.debug.xcconfig"; sourceTree = "<group>"; };
/* End PBXFileReference section */

/* Begin PBXFrameworksBuildPhase section */
		188F074026D6806400BDF4B4 /* Frameworks */ = {
			isa = PBXFrameworksBuildPhase;
			buildActionMask = 2147483647;
			files = (
				18C0DA4F26D6BBD000E110F8 /* Logboard.framework in Frameworks */,
				18C0DA4B26D6BBBE00E110F8 /* HaishinKit.framework in Frameworks */,
				18C0DA4726D6BB8100E110F8 /* RTMPFramework.framework in Frameworks */,
				28530843764BB2B89F3822CC /* Pods_TestFrameworkNew.framework in Frameworks */,
			);
			runOnlyForDeploymentPostprocessing = 0;
		};
		188F075626D6806A00BDF4B4 /* Frameworks */ = {
			isa = PBXFrameworksBuildPhase;
			buildActionMask = 2147483647;
			files = (
				BBA0B7ABA214C06B9C748766 /* Pods_TestFrameworkNewTests.framework in Frameworks */,
			);
			runOnlyForDeploymentPostprocessing = 0;
		};
		188F076126D6806A00BDF4B4 /* Frameworks */ = {
			isa = PBXFrameworksBuildPhase;
			buildActionMask = 2147483647;
			files = (
				A659908596971EE302148F18 /* Pods_TestFrameworkNew_TestFrameworkNewUITests.framework in Frameworks */,
			);
			runOnlyForDeploymentPostprocessing = 0;
		};
/* End PBXFrameworksBuildPhase section */

/* Begin PBXGroup section */
		188F073A26D6806400BDF4B4 = {
			isa = PBXGroup;
			children = (
				18C0DA4526D6BB6500E110F8 /* RTMPFramework.framework */,
				18C0DA4926D6BBBA00E110F8 /* HaishinKit.framework */,
				18C0DA4D26D6BBCA00E110F8 /* Logboard.framework */,
				188F074526D6806400BDF4B4 /* TestFrameworkNew */,
				188F075C26D6806A00BDF4B4 /* TestFrameworkNewTests */,
				188F076726D6806A00BDF4B4 /* TestFrameworkNewUITests */,
				188F074426D6806400BDF4B4 /* Products */,
				5D3CC3A89F8CB10E8475BBF5 /* Pods */,
				D26D1969DEDD8B91985AD131 /* Frameworks */,
			);
			sourceTree = "<group>";
		};
		188F074426D6806400BDF4B4 /* Products */ = {
			isa = PBXGroup;
			children = (
				188F074326D6806400BDF4B4 /* TestFrameworkNew.app */,
				188F075926D6806A00BDF4B4 /* TestFrameworkNewTests.xctest */,
				188F076426D6806A00BDF4B4 /* TestFrameworkNewUITests.xctest */,
			);
			name = Products;
			sourceTree = "<group>";
		};
		188F074526D6806400BDF4B4 /* TestFrameworkNew */ = {
			isa = PBXGroup;
			children = (
				188F074626D6806400BDF4B4 /* AppDelegate.swift */,
				188F074A26D6806400BDF4B4 /* ViewController.swift */,
				188F074C26D6806400BDF4B4 /* Main.storyboard */,
				188F074F26D6806A00BDF4B4 /* Assets.xcassets */,
				188F075126D6806A00BDF4B4 /* LaunchScreen.storyboard */,
				188F075426D6806A00BDF4B4 /* Info.plist */,
			);
			path = TestFrameworkNew;
			sourceTree = "<group>";
		};
		188F075C26D6806A00BDF4B4 /* TestFrameworkNewTests */ = {
			isa = PBXGroup;
			children = (
				188F075D26D6806A00BDF4B4 /* TestFrameworkNewTests.swift */,
				188F075F26D6806A00BDF4B4 /* Info.plist */,
			);
			path = TestFrameworkNewTests;
			sourceTree = "<group>";
		};
		188F076726D6806A00BDF4B4 /* TestFrameworkNewUITests */ = {
			isa = PBXGroup;
			children = (
				188F076826D6806A00BDF4B4 /* TestFrameworkNewUITests.swift */,
				188F076A26D6806A00BDF4B4 /* Info.plist */,
			);
			path = TestFrameworkNewUITests;
			sourceTree = "<group>";
		};
		5D3CC3A89F8CB10E8475BBF5 /* Pods */ = {
			isa = PBXGroup;
			children = (
				8651BDFA9174F7590D0E7ABA /* Pods-TestFrameworkNew.debug.xcconfig */,
				550441BD812C2F0223EF0483 /* Pods-TestFrameworkNew.release.xcconfig */,
				1D70C7A821DD98CF44D55067 /* Pods-TestFrameworkNew-TestFrameworkNewUITests.debug.xcconfig */,
				54FCC74D406168569D001E00 /* Pods-TestFrameworkNew-TestFrameworkNewUITests.release.xcconfig */,
				EEFE9BE60CD713A58821866F /* Pods-TestFrameworkNewTests.debug.xcconfig */,
				365B1DE7EFBD5B75D84B1003 /* Pods-TestFrameworkNewTests.release.xcconfig */,
			);
			path = Pods;
			sourceTree = "<group>";
		};
		D26D1969DEDD8B91985AD131 /* Frameworks */ = {
			isa = PBXGroup;
			children = (
				735ED289055D1463DFA59C18 /* Pods_TestFrameworkNew.framework */,
				622C43D8D769354C9E62A69A /* Pods_TestFrameworkNew_TestFrameworkNewUITests.framework */,
				031660E670FA37534A39CA92 /* Pods_TestFrameworkNewTests.framework */,
			);
			name = Frameworks;
			sourceTree = "<group>";
		};
/* End PBXGroup section */

/* Begin PBXNativeTarget section */
		188F074226D6806400BDF4B4 /* TestFrameworkNew */ = {
			isa = PBXNativeTarget;
			buildConfigurationList = 188F076D26D6806A00BDF4B4 /* Build configuration list for PBXNativeTarget "TestFrameworkNew" */;
			buildPhases = (
				290142B0353E7A7AD2BCC084 /* [CP] Check Pods Manifest.lock */,
				188F073F26D6806400BDF4B4 /* Sources */,
				188F074026D6806400BDF4B4 /* Frameworks */,
				188F074126D6806400BDF4B4 /* Resources */,
				188F077A26D6814200BDF4B4 /* Embed Frameworks */,
			);
			buildRules = (
			);
			dependencies = (
			);
			name = TestFrameworkNew;
			productName = TestFrameworkNew;
			productReference = 188F074326D6806400BDF4B4 /* TestFrameworkNew.app */;
			productType = "com.apple.product-type.application";
		};
		188F075826D6806A00BDF4B4 /* TestFrameworkNewTests */ = {
			isa = PBXNativeTarget;
			buildConfigurationList = 188F077026D6806A00BDF4B4 /* Build configuration list for PBXNativeTarget "TestFrameworkNewTests" */;
			buildPhases = (
				0DD96D55C35415F6F33C0962 /* [CP] Check Pods Manifest.lock */,
				188F075526D6806A00BDF4B4 /* Sources */,
				188F075626D6806A00BDF4B4 /* Frameworks */,
				188F075726D6806A00BDF4B4 /* Resources */,
			);
			buildRules = (
			);
			dependencies = (
				188F075B26D6806A00BDF4B4 /* PBXTargetDependency */,
			);
			name = TestFrameworkNewTests;
			productName = TestFrameworkNewTests;
			productReference = 188F075926D6806A00BDF4B4 /* TestFrameworkNewTests.xctest */;
			productType = "com.apple.product-type.bundle.unit-test";
		};
		188F076326D6806A00BDF4B4 /* TestFrameworkNewUITests */ = {
			isa = PBXNativeTarget;
			buildConfigurationList = 188F077326D6806A00BDF4B4 /* Build configuration list for PBXNativeTarget "TestFrameworkNewUITests" */;
			buildPhases = (
				CD50833259A968B8CFCACF01 /* [CP] Check Pods Manifest.lock */,
				188F076026D6806A00BDF4B4 /* Sources */,
				188F076126D6806A00BDF4B4 /* Frameworks */,
				188F076226D6806A00BDF4B4 /* Resources */,
			);
			buildRules = (
			);
			dependencies = (
				188F076626D6806A00BDF4B4 /* PBXTargetDependency */,
			);
			name = TestFrameworkNewUITests;
			productName = TestFrameworkNewUITests;
			productReference = 188F076426D6806A00BDF4B4 /* TestFrameworkNewUITests.xctest */;
			productType = "com.apple.product-type.bundle.ui-testing";
		};
/* End PBXNativeTarget section */

/* Begin PBXProject section */
		188F073B26D6806400BDF4B4 /* Project object */ = {
			isa = PBXProject;
			attributes = {
				LastSwiftUpdateCheck = 1250;
				LastUpgradeCheck = 1250;
				TargetAttributes = {
					188F074226D6806400BDF4B4 = {
						CreatedOnToolsVersion = 12.5.1;
					};
					188F075826D6806A00BDF4B4 = {
						CreatedOnToolsVersion = 12.5.1;
						TestTargetID = 188F074226D6806400BDF4B4;
					};
					188F076326D6806A00BDF4B4 = {
						CreatedOnToolsVersion = 12.5.1;
						TestTargetID = 188F074226D6806400BDF4B4;
					};
				};
			};
			buildConfigurationList = 188F073E26D6806400BDF4B4 /* Build configuration list for PBXProject "TestFrameworkNew" */;
			compatibilityVersion = "Xcode 9.3";
			developmentRegion = en;
			hasScannedForEncodings = 0;
			knownRegions = (
				en,
				Base,
			);
			mainGroup = 188F073A26D6806400BDF4B4;
			productRefGroup = 188F074426D6806400BDF4B4 /* Products */;
			projectDirPath = "";
			projectRoot = "";
			targets = (
				188F074226D6806400BDF4B4 /* TestFrameworkNew */,
				188F075826D6806A00BDF4B4 /* TestFrameworkNewTests */,
				188F076326D6806A00BDF4B4 /* TestFrameworkNewUITests */,
			);
		};
/* End PBXProject section */

/* Begin PBXResourcesBuildPhase section */
		188F074126D6806400BDF4B4 /* Resources */ = {
			isa = PBXResourcesBuildPhase;
			buildActionMask = 2147483647;
			files = (
				188F075326D6806A00BDF4B4 /* LaunchScreen.storyboard in Resources */,
				188F075026D6806A00BDF4B4 /* Assets.xcassets in Resources */,
				188F074E26D6806400BDF4B4 /* Main.storyboard in Resources */,
			);
			runOnlyForDeploymentPostprocessing = 0;
		};
		188F075726D6806A00BDF4B4 /* Resources */ = {
			isa = PBXResourcesBuildPhase;
			buildActionMask = 2147483647;
			files = (
			);
			runOnlyForDeploymentPostprocessing = 0;
		};
		188F076226D6806A00BDF4B4 /* Resources */ = {
			isa = PBXResourcesBuildPhase;
			buildActionMask = 2147483647;
			files = (
			);
			runOnlyForDeploymentPostprocessing = 0;
		};
/* End PBXResourcesBuildPhase section */

/* Begin PBXShellScriptBuildPhase section */
		0DD96D55C35415F6F33C0962 /* [CP] Check Pods Manifest.lock */ = {
			isa = PBXShellScriptBuildPhase;
			buildActionMask = 2147483647;
			files = (
			);
			inputFileListPaths = (
			);
			inputPaths = (
				"${PODS_PODFILE_DIR_PATH}/Podfile.lock",
				"${PODS_ROOT}/Manifest.lock",
			);
			name = "[CP] Check Pods Manifest.lock";
			outputFileListPaths = (
			);
			outputPaths = (
				"$(DERIVED_FILE_DIR)/Pods-TestFrameworkNewTests-checkManifestLockResult.txt",
			);
			runOnlyForDeploymentPostprocessing = 0;
			shellPath = /bin/sh;
			shellScript = "diff \"${PODS_PODFILE_DIR_PATH}/Podfile.lock\" \"${PODS_ROOT}/Manifest.lock\" > /dev/null\nif [ $? != 0 ] ; then\n    # print error to STDERR\n    echo \"error: The sandbox is not in sync with the Podfile.lock. Run 'pod install' or update your CocoaPods installation.\" >&2\n    exit 1\nfi\n# This output is used by Xcode 'outputs' to avoid re-running this script phase.\necho \"SUCCESS\" > \"${SCRIPT_OUTPUT_FILE_0}\"\n";
			showEnvVarsInLog = 0;
		};
		290142B0353E7A7AD2BCC084 /* [CP] Check Pods Manifest.lock */ = {
			isa = PBXShellScriptBuildPhase;
			buildActionMask = 2147483647;
			files = (
			);
			inputFileListPaths = (
			);
			inputPaths = (
				"${PODS_PODFILE_DIR_PATH}/Podfile.lock",
				"${PODS_ROOT}/Manifest.lock",
			);
			name = "[CP] Check Pods Manifest.lock";
			outputFileListPaths = (
			);
			outputPaths = (
				"$(DERIVED_FILE_DIR)/Pods-TestFrameworkNew-checkManifestLockResult.txt",
			);
			runOnlyForDeploymentPostprocessing = 0;
			shellPath = /bin/sh;
			shellScript = "diff \"${PODS_PODFILE_DIR_PATH}/Podfile.lock\" \"${PODS_ROOT}/Manifest.lock\" > /dev/null\nif [ $? != 0 ] ; then\n    # print error to STDERR\n    echo \"error: The sandbox is not in sync with the Podfile.lock. Run 'pod install' or update your CocoaPods installation.\" >&2\n    exit 1\nfi\n# This output is used by Xcode 'outputs' to avoid re-running this script phase.\necho \"SUCCESS\" > \"${SCRIPT_OUTPUT_FILE_0}\"\n";
			showEnvVarsInLog = 0;
		};
		CD50833259A968B8CFCACF01 /* [CP] Check Pods Manifest.lock */ = {
			isa = PBXShellScriptBuildPhase;
			buildActionMask = 2147483647;
			files = (
			);
			inputFileListPaths = (
			);
			inputPaths = (
				"${PODS_PODFILE_DIR_PATH}/Podfile.lock",
				"${PODS_ROOT}/Manifest.lock",
			);
			name = "[CP] Check Pods Manifest.lock";
			outputFileListPaths = (
			);
			outputPaths = (
				"$(DERIVED_FILE_DIR)/Pods-TestFrameworkNew-TestFrameworkNewUITests-checkManifestLockResult.txt",
			);
			runOnlyForDeploymentPostprocessing = 0;
			shellPath = /bin/sh;
			shellScript = "diff \"${PODS_PODFILE_DIR_PATH}/Podfile.lock\" \"${PODS_ROOT}/Manifest.lock\" > /dev/null\nif [ $? != 0 ] ; then\n    # print error to STDERR\n    echo \"error: The sandbox is not in sync with the Podfile.lock. Run 'pod install' or update your CocoaPods installation.\" >&2\n    exit 1\nfi\n# This output is used by Xcode 'outputs' to avoid re-running this script phase.\necho \"SUCCESS\" > \"${SCRIPT_OUTPUT_FILE_0}\"\n";
			showEnvVarsInLog = 0;
		};
/* End PBXShellScriptBuildPhase section */

/* Begin PBXSourcesBuildPhase section */
		188F073F26D6806400BDF4B4 /* Sources */ = {
			isa = PBXSourcesBuildPhase;
			buildActionMask = 2147483647;
			files = (
				188F074B26D6806400BDF4B4 /* ViewController.swift in Sources */,
				188F074726D6806400BDF4B4 /* AppDelegate.swift in Sources */,
			);
			runOnlyForDeploymentPostprocessing = 0;
		};
		188F075526D6806A00BDF4B4 /* Sources */ = {
			isa = PBXSourcesBuildPhase;
			buildActionMask = 2147483647;
			files = (
				188F075E26D6806A00BDF4B4 /* TestFrameworkNewTests.swift in Sources */,
			);
			runOnlyForDeploymentPostprocessing = 0;
		};
		188F076026D6806A00BDF4B4 /* Sources */ = {
			isa = PBXSourcesBuildPhase;
			buildActionMask = 2147483647;
			files = (
				188F076926D6806A00BDF4B4 /* TestFrameworkNewUITests.swift in Sources */,
			);
			runOnlyForDeploymentPostprocessing = 0;
		};
/* End PBXSourcesBuildPhase section */

/* Begin PBXTargetDependency section */
		188F075B26D6806A00BDF4B4 /* PBXTargetDependency */ = {
			isa = PBXTargetDependency;
			target = 188F074226D6806400BDF4B4 /* TestFrameworkNew */;
			targetProxy = 188F075A26D6806A00BDF4B4 /* PBXContainerItemProxy */;
		};
		188F076626D6806A00BDF4B4 /* PBXTargetDependency */ = {
			isa = PBXTargetDependency;
			target = 188F074226D6806400BDF4B4 /* TestFrameworkNew */;
			targetProxy = 188F076526D6806A00BDF4B4 /* PBXContainerItemProxy */;
		};
/* End PBXTargetDependency section */

/* Begin PBXVariantGroup section */
		188F074C26D6806400BDF4B4 /* Main.storyboard */ = {
			isa = PBXVariantGroup;
			children = (
				188F074D26D6806400BDF4B4 /* Base */,
			);
			name = Main.storyboard;
			sourceTree = "<group>";
		};
		188F075126D6806A00BDF4B4 /* LaunchScreen.storyboard */ = {
			isa = PBXVariantGroup;
			children = (
				188F075226D6806A00BDF4B4 /* Base */,
			);
			name = LaunchScreen.storyboard;
			sourceTree = "<group>";
		};
/* End PBXVariantGroup section */

/* Begin XCBuildConfiguration section */
		188F076B26D6806A00BDF4B4 /* Debug */ = {
			isa = XCBuildConfiguration;
			buildSettings = {
				ALWAYS_SEARCH_USER_PATHS = NO;
				CLANG_ANALYZER_NONNULL = YES;
				CLANG_ANALYZER_NUMBER_OBJECT_CONVERSION = YES_AGGRESSIVE;
				CLANG_CXX_LANGUAGE_STANDARD = "gnu++14";
				CLANG_CXX_LIBRARY = "libc++";
				CLANG_ENABLE_MODULES = YES;
				CLANG_ENABLE_OBJC_ARC = YES;
				CLANG_ENABLE_OBJC_WEAK = YES;
				CLANG_WARN_BLOCK_CAPTURE_AUTORELEASING = YES;
				CLANG_WARN_BOOL_CONVERSION = YES;
				CLANG_WARN_COMMA = YES;
				CLANG_WARN_CONSTANT_CONVERSION = YES;
				CLANG_WARN_DEPRECATED_OBJC_IMPLEMENTATIONS = YES;
				CLANG_WARN_DIRECT_OBJC_ISA_USAGE = YES_ERROR;
				CLANG_WARN_DOCUMENTATION_COMMENTS = YES;
				CLANG_WARN_EMPTY_BODY = YES;
				CLANG_WARN_ENUM_CONVERSION = YES;
				CLANG_WARN_INFINITE_RECURSION = YES;
				CLANG_WARN_INT_CONVERSION = YES;
				CLANG_WARN_NON_LITERAL_NULL_CONVERSION = YES;
				CLANG_WARN_OBJC_IMPLICIT_RETAIN_SELF = YES;
				CLANG_WARN_OBJC_LITERAL_CONVERSION = YES;
				CLANG_WARN_OBJC_ROOT_CLASS = YES_ERROR;
				CLANG_WARN_QUOTED_INCLUDE_IN_FRAMEWORK_HEADER = YES;
				CLANG_WARN_RANGE_LOOP_ANALYSIS = YES;
				CLANG_WARN_STRICT_PROTOTYPES = YES;
				CLANG_WARN_SUSPICIOUS_MOVE = YES;
				CLANG_WARN_UNGUARDED_AVAILABILITY = YES_AGGRESSIVE;
				CLANG_WARN_UNREACHABLE_CODE = YES;
				CLANG_WARN__DUPLICATE_METHOD_MATCH = YES;
				COPY_PHASE_STRIP = NO;
				DEBUG_INFORMATION_FORMAT = dwarf;
				ENABLE_STRICT_OBJC_MSGSEND = YES;
				ENABLE_TESTABILITY = YES;
				GCC_C_LANGUAGE_STANDARD = gnu11;
				GCC_DYNAMIC_NO_PIC = NO;
				GCC_NO_COMMON_BLOCKS = YES;
				GCC_OPTIMIZATION_LEVEL = 0;
				GCC_PREPROCESSOR_DEFINITIONS = (
					"DEBUG=1",
					"$(inherited)",
				);
				GCC_WARN_64_TO_32_BIT_CONVERSION = YES;
				GCC_WARN_ABOUT_RETURN_TYPE = YES_ERROR;
				GCC_WARN_UNDECLARED_SELECTOR = YES;
				GCC_WARN_UNINITIALIZED_AUTOS = YES_AGGRESSIVE;
				GCC_WARN_UNUSED_FUNCTION = YES;
				GCC_WARN_UNUSED_VARIABLE = YES;
				IPHONEOS_DEPLOYMENT_TARGET = 14.5;
				MTL_ENABLE_DEBUG_INFO = INCLUDE_SOURCE;
				MTL_FAST_MATH = YES;
				ONLY_ACTIVE_ARCH = YES;
				SDKROOT = iphoneos;
				SWIFT_ACTIVE_COMPILATION_CONDITIONS = DEBUG;
				SWIFT_OPTIMIZATION_LEVEL = "-Onone";
			};
			name = Debug;
		};
		188F076C26D6806A00BDF4B4 /* Release */ = {
			isa = XCBuildConfiguration;
			buildSettings = {
				ALWAYS_SEARCH_USER_PATHS = NO;
				CLANG_ANALYZER_NONNULL = YES;
				CLANG_ANALYZER_NUMBER_OBJECT_CONVERSION = YES_AGGRESSIVE;
				CLANG_CXX_LANGUAGE_STANDARD = "gnu++14";
				CLANG_CXX_LIBRARY = "libc++";
				CLANG_ENABLE_MODULES = YES;
				CLANG_ENABLE_OBJC_ARC = YES;
				CLANG_ENABLE_OBJC_WEAK = YES;
				CLANG_WARN_BLOCK_CAPTURE_AUTORELEASING = YES;
				CLANG_WARN_BOOL_CONVERSION = YES;
				CLANG_WARN_COMMA = YES;
				CLANG_WARN_CONSTANT_CONVERSION = YES;
				CLANG_WARN_DEPRECATED_OBJC_IMPLEMENTATIONS = YES;
				CLANG_WARN_DIRECT_OBJC_ISA_USAGE = YES_ERROR;
				CLANG_WARN_DOCUMENTATION_COMMENTS = YES;
				CLANG_WARN_EMPTY_BODY = YES;
				CLANG_WARN_ENUM_CONVERSION = YES;
				CLANG_WARN_INFINITE_RECURSION = YES;
				CLANG_WARN_INT_CONVERSION = YES;
				CLANG_WARN_NON_LITERAL_NULL_CONVERSION = YES;
				CLANG_WARN_OBJC_IMPLICIT_RETAIN_SELF = YES;
				CLANG_WARN_OBJC_LITERAL_CONVERSION = YES;
				CLANG_WARN_OBJC_ROOT_CLASS = YES_ERROR;
				CLANG_WARN_QUOTED_INCLUDE_IN_FRAMEWORK_HEADER = YES;
				CLANG_WARN_RANGE_LOOP_ANALYSIS = YES;
				CLANG_WARN_STRICT_PROTOTYPES = YES;
				CLANG_WARN_SUSPICIOUS_MOVE = YES;
				CLANG_WARN_UNGUARDED_AVAILABILITY = YES_AGGRESSIVE;
				CLANG_WARN_UNREACHABLE_CODE = YES;
				CLANG_WARN__DUPLICATE_METHOD_MATCH = YES;
				COPY_PHASE_STRIP = NO;
				DEBUG_INFORMATION_FORMAT = "dwarf-with-dsym";
				ENABLE_NS_ASSERTIONS = NO;
				ENABLE_STRICT_OBJC_MSGSEND = YES;
				GCC_C_LANGUAGE_STANDARD = gnu11;
				GCC_NO_COMMON_BLOCKS = YES;
				GCC_WARN_64_TO_32_BIT_CONVERSION = YES;
				GCC_WARN_ABOUT_RETURN_TYPE = YES_ERROR;
				GCC_WARN_UNDECLARED_SELECTOR = YES;
				GCC_WARN_UNINITIALIZED_AUTOS = YES_AGGRESSIVE;
				GCC_WARN_UNUSED_FUNCTION = YES;
				GCC_WARN_UNUSED_VARIABLE = YES;
				IPHONEOS_DEPLOYMENT_TARGET = 14.5;
				MTL_ENABLE_DEBUG_INFO = NO;
				MTL_FAST_MATH = YES;
				SDKROOT = iphoneos;
				SWIFT_COMPILATION_MODE = wholemodule;
				SWIFT_OPTIMIZATION_LEVEL = "-O";
				VALIDATE_PRODUCT = YES;
			};
			name = Release;
		};
		188F076E26D6806A00BDF4B4 /* Debug */ = {
			isa = XCBuildConfiguration;
			baseConfigurationReference = 8651BDFA9174F7590D0E7ABA /* Pods-TestFrameworkNew.debug.xcconfig */;
			buildSettings = {
				ASSETCATALOG_COMPILER_APPICON_NAME = AppIcon;
				ASSETCATALOG_COMPILER_GLOBAL_ACCENT_COLOR_NAME = AccentColor;
				CODE_SIGN_IDENTITY = "iPhone Developer";
				CODE_SIGN_STYLE = Manual;
				DEVELOPMENT_TEAM = L6TGGG3EH2;
				ENABLE_BITCODE = YES;
				FRAMEWORK_SEARCH_PATHS = (
					"$(inherited)",
					"$(PROJECT_DIR)/TestFrameworkNew",
					"$(PROJECT_DIR)",
				);
				INFOPLIST_FILE = TestFrameworkNew/Info.plist;
				IPHONEOS_DEPLOYMENT_TARGET = 13.0;
				LD_RUNPATH_SEARCH_PATHS = (
					"$(inherited)",
					"@executable_path/Frameworks",
					"@loader_path/Frameworks",
				);
				PRODUCT_BUNDLE_IDENTIFIER = com.codon.masterpiece;
				PRODUCT_NAME = "$(TARGET_NAME)";
				PROVISIONING_PROFILE_SPECIFIER = "masterpiece development profile";
				SWIFT_VERSION = 5.0;
				TARGETED_DEVICE_FAMILY = "1,2";
			};
			name = Debug;
		};
		188F076F26D6806A00BDF4B4 /* Release */ = {
			isa = XCBuildConfiguration;
			baseConfigurationReference = 550441BD812C2F0223EF0483 /* Pods-TestFrameworkNew.release.xcconfig */;
			buildSettings = {
				ASSETCATALOG_COMPILER_APPICON_NAME = AppIcon;
				ASSETCATALOG_COMPILER_GLOBAL_ACCENT_COLOR_NAME = AccentColor;
				CODE_SIGN_IDENTITY = "iPhone Developer";
				CODE_SIGN_STYLE = Manual;
				DEVELOPMENT_TEAM = L6TGGG3EH2;
				ENABLE_BITCODE = YES;
				FRAMEWORK_SEARCH_PATHS = (
					"$(inherited)",
					"$(PROJECT_DIR)/TestFrameworkNew",
					"$(PROJECT_DIR)",
				);
				INFOPLIST_FILE = TestFrameworkNew/Info.plist;
				IPHONEOS_DEPLOYMENT_TARGET = 13.0;
				LD_RUNPATH_SEARCH_PATHS = (
					"$(inherited)",
					"@executable_path/Frameworks",
					"@loader_path/Frameworks",
				);
				PRODUCT_BUNDLE_IDENTIFIER = com.codon.masterpiece;
				PRODUCT_NAME = "$(TARGET_NAME)";
				PROVISIONING_PROFILE_SPECIFIER = "masterpiece development profile";
				SWIFT_VERSION = 5.0;
				TARGETED_DEVICE_FAMILY = "1,2";
			};
			name = Release;
		};
		188F077126D6806A00BDF4B4 /* Debug */ = {
			isa = XCBuildConfiguration;
			baseConfigurationReference = EEFE9BE60CD713A58821866F /* Pods-TestFrameworkNewTests.debug.xcconfig */;
			buildSettings = {
				ALWAYS_EMBED_SWIFT_STANDARD_LIBRARIES = YES;
				BUNDLE_LOADER = "$(TEST_HOST)";
				CODE_SIGN_STYLE = Automatic;
				DEVELOPMENT_TEAM = L6TGGG3EH2;
				INFOPLIST_FILE = TestFrameworkNewTests/Info.plist;
				IPHONEOS_DEPLOYMENT_TARGET = 14.5;
				LD_RUNPATH_SEARCH_PATHS = (
					"$(inherited)",
					"@executable_path/Frameworks",
					"@loader_path/Frameworks",
				);
				PRODUCT_BUNDLE_IDENTIFIER = com.codon.masterpiece.TestFrameworkNewTests;
				PRODUCT_NAME = "$(TARGET_NAME)";
				SWIFT_VERSION = 5.0;
				TARGETED_DEVICE_FAMILY = "1,2";
				TEST_HOST = "$(BUILT_PRODUCTS_DIR)/TestFrameworkNew.app/TestFrameworkNew";
			};
			name = Debug;
		};
		188F077226D6806A00BDF4B4 /* Release */ = {
			isa = XCBuildConfiguration;
			baseConfigurationReference = 365B1DE7EFBD5B75D84B1003 /* Pods-TestFrameworkNewTests.release.xcconfig */;
			buildSettings = {
				ALWAYS_EMBED_SWIFT_STANDARD_LIBRARIES = YES;
				BUNDLE_LOADER = "$(TEST_HOST)";
				CODE_SIGN_STYLE = Automatic;
				DEVELOPMENT_TEAM = L6TGGG3EH2;
				INFOPLIST_FILE = TestFrameworkNewTests/Info.plist;
				IPHONEOS_DEPLOYMENT_TARGET = 14.5;
				LD_RUNPATH_SEARCH_PATHS = (
					"$(inherited)",
					"@executable_path/Frameworks",
					"@loader_path/Frameworks",
				);
				PRODUCT_BUNDLE_IDENTIFIER = com.codon.masterpiece.TestFrameworkNewTests;
				PRODUCT_NAME = "$(TARGET_NAME)";
				SWIFT_VERSION = 5.0;
				TARGETED_DEVICE_FAMILY = "1,2";
				TEST_HOST = "$(BUILT_PRODUCTS_DIR)/TestFrameworkNew.app/TestFrameworkNew";
			};
			name = Release;
		};
		188F077426D6806A00BDF4B4 /* Debug */ = {
			isa = XCBuildConfiguration;
			baseConfigurationReference = 1D70C7A821DD98CF44D55067 /* Pods-TestFrameworkNew-TestFrameworkNewUITests.debug.xcconfig */;
			buildSettings = {
				ALWAYS_EMBED_SWIFT_STANDARD_LIBRARIES = YES;
				CODE_SIGN_STYLE = Automatic;
				DEVELOPMENT_TEAM = L6TGGG3EH2;
				INFOPLIST_FILE = TestFrameworkNewUITests/Info.plist;
				LD_RUNPATH_SEARCH_PATHS = (
					"$(inherited)",
					"@executable_path/Frameworks",
					"@loader_path/Frameworks",
				);
				PRODUCT_BUNDLE_IDENTIFIER = com.codon.masterpiece.TestFrameworkNewUITests;
				PRODUCT_NAME = "$(TARGET_NAME)";
				SWIFT_VERSION = 5.0;
				TARGETED_DEVICE_FAMILY = "1,2";
				TEST_TARGET_NAME = TestFrameworkNew;
			};
			name = Debug;
		};
		188F077526D6806A00BDF4B4 /* Release */ = {
			isa = XCBuildConfiguration;
			baseConfigurationReference = 54FCC74D406168569D001E00 /* Pods-TestFrameworkNew-TestFrameworkNewUITests.release.xcconfig */;
			buildSettings = {
				ALWAYS_EMBED_SWIFT_STANDARD_LIBRARIES = YES;
				CODE_SIGN_STYLE = Automatic;
				DEVELOPMENT_TEAM = L6TGGG3EH2;
				INFOPLIST_FILE = TestFrameworkNewUITests/Info.plist;
				LD_RUNPATH_SEARCH_PATHS = (
					"$(inherited)",
					"@executable_path/Frameworks",
					"@loader_path/Frameworks",
				);
				PRODUCT_BUNDLE_IDENTIFIER = com.codon.masterpiece.TestFrameworkNewUITests;
				PRODUCT_NAME = "$(TARGET_NAME)";
				SWIFT_VERSION = 5.0;
				TARGETED_DEVICE_FAMILY = "1,2";
				TEST_TARGET_NAME = TestFrameworkNew;
			};
			name = Release;
		};
/* End XCBuildConfiguration section */

/* Begin XCConfigurationList section */
		188F073E26D6806400BDF4B4 /* Build configuration list for PBXProject "TestFrameworkNew" */ = {
			isa = XCConfigurationList;
			buildConfigurations = (
				188F076B26D6806A00BDF4B4 /* Debug */,
				188F076C26D6806A00BDF4B4 /* Release */,
			);
			defaultConfigurationIsVisible = 0;
			defaultConfigurationName = Release;
		};
		188F076D26D6806A00BDF4B4 /* Build configuration list for PBXNativeTarget "TestFrameworkNew" */ = {
			isa = XCConfigurationList;
			buildConfigurations = (
				188F076E26D6806A00BDF4B4 /* Debug */,
				188F076F26D6806A00BDF4B4 /* Release */,
			);
			defaultConfigurationIsVisible = 0;
			defaultConfigurationName = Release;
		};
		188F077026D6806A00BDF4B4 /* Build configuration list for PBXNativeTarget "TestFrameworkNewTests" */ = {
			isa = XCConfigurationList;
			buildConfigurations = (
				188F077126D6806A00BDF4B4 /* Debug */,
				188F077226D6806A00BDF4B4 /* Release */,
			);
			defaultConfigurationIsVisible = 0;
			defaultConfigurationName = Release;
		};
		188F077326D6806A00BDF4B4 /* Build configuration list for PBXNativeTarget "TestFrameworkNewUITests" */ = {
			isa = XCConfigurationList;
			buildConfigurations = (
				188F077426D6806A00BDF4B4 /* Debug */,
				188F077526D6806A00BDF4B4 /* Release */,
			);
			defaultConfigurationIsVisible = 0;
			defaultConfigurationName = Release;
		};
/* End XCConfigurationList section */
	};
	rootObject = 188F073B26D6806400BDF4B4 /* Project object */;
}
